
Microsoft Visual Studio Solution File, Format Version 12.00
# Visual Studio Version 17
VisualStudioVersion = 17.7.34024.191
MinimumVisualStudioVersion = 10.0.40219.1
Project("{FAE04EC0-301F-11D3-BF4B-00C04F79EFBC}") = "DevFramework.Core", "DevFramework.Core\DevFramework.Core.csproj", "{F8EDD977-3042-4EE4-8FDA-569CB60965A3}"
EndProject
Project("{FAE04EC0-301F-11D3-BF4B-00C04F79EFBC}") = "DevFramework.Northwind.Entities", "DevFramework.Northwind.Entities\DevFramework.Northwind.Entities.csproj", "{BA8445D9-4871-4B54-83E6-28A88A75A213}"
EndProject
Project("{FAE04EC0-301F-11D3-BF4B-00C04F79EFBC}") = "DevFramework.Northwind.DataAccess", "DevFramework.Northwind.DataAccess\DevFramework.Northwind.DataAccess.csproj", "{F4569DB5-7AFA-4E04-ACE1-6D0CEE83AC4F}"
EndProject
Project("{FAE04EC0-301F-11D3-BF4B-00C04F79EFBC}") = "DevFramework.Northwind.Business", "DevFramework.Northwind.Business\DevFramework.Northwind.Business.csproj", "{0F29CC4F-8AB5-432C-8546-BDC95AF2DA6A}"
EndProject
Project("{FAE04EC0-301F-11D3-BF4B-00C04F79EFBC}") = "DevFramework.Northwind.MvcWebUI", "DevFramework.Northwind.MvcWebUI\DevFramework.Northwind.MvcWebUI.csproj", "{242C5262-CB1E-478C-8FD4-6E5236D5108D}"
EndProject
Project("{FAE04EC0-301F-11D3-BF4B-00C04F79EFBC}") = "DevFramework.Northwind.MvcWebUI.Tests", "DevFramework.Northwind.MvcWebUI.Tests\DevFramework.Northwind.MvcWebUI.Tests.csproj", "{71CC8B67-E3C4-4AEB-BAD8-C540B44727C5}"
EndProject
Project("{FAE04EC0-301F-11D3-BF4B-00C04F79EFBC}") = "DevFramework.DataAccess.Tests", "DevFramework.DataAccess.Tests\DevFramework.DataAccess.Tests.csproj", "{365E7966-199E-4913-B4A0-951D0E5FAEC4}"
EndProject
Project("{FAE04EC0-301F-11D3-BF4B-00C04F79EFBC}") = "DevFramework.Nortwind.Business.Tests", "DevFramework.Nortwind.Business.Tests\DevFramework.Nortwind.Business.Tests.csproj", "{6F0078E8-389C-4B3C-9566-F9EAA1A5781A}"
EndProject
Project("{FAE04EC0-301F-11D3-BF4B-00C04F79EFBC}") = "DevFramework.Northwind.WebApi", "DevFramework.Northwind.WebApi\DevFramework.Northwind.WebApi.csproj", "{08DE2C3A-8C71-475B-8FE5-4B7B7756AC88}"
EndProject
Project("{E24C65DC-7377-472B-9ABA-BC803B73C61A}") = "DevFramework.Northwind.WcfService", "DevFramework.Northwind.WcfService\", "{EBEAB67F-52D7-4976-ACCA-49214D9C2D2F}"
	ProjectSection(WebsiteProperties) = preProject
		TargetFrameworkMoniker = ".NETFramework,Version%3Dv4.7.2"
		ProjectReferences = "{0f29cc4f-8ab5-432c-8546-bdc95af2da6a}|DevFramework.Northwind.Business.dll;{ba8445d9-4871-4b54-83e6-28a88a75a213}|DevFramework.Northwind.Entities.dll;{F8EDD977-3042-4EE4-8FDA-569CB60965A3}|DevFramework.Core.dll;"
		Debug.AspNetCompiler.VirtualPath = "/localhost_52001"
		Debug.AspNetCompiler.PhysicalPath = "DevFramework.Northwind.WcfService\"
		Debug.AspNetCompiler.TargetPath = "PrecompiledWeb\localhost_52001\"
		Debug.AspNetCompiler.Updateable = "true"
		Debug.AspNetCompiler.ForceOverwrite = "true"
		Debug.AspNetCompiler.FixedNames = "false"
		Debug.AspNetCompiler.Debug = "True"
		Release.AspNetCompiler.VirtualPath = "/localhost_52001"
		Release.AspNetCompiler.PhysicalPath = "DevFramework.Northwind.WcfService\"
		Release.AspNetCompiler.TargetPath = "PrecompiledWeb\localhost_52001\"
		Release.AspNetCompiler.Updateable = "true"
		Release.AspNetCompiler.ForceOverwrite = "true"
		Release.AspNetCompiler.FixedNames = "false"
		Release.AspNetCompiler.Debug = "False"
		VWDPort = "52001"
		SlnRelativePath = "DevFramework.Northwind.WcfService\"
		DefaultWebSiteLanguage = "Visual C#"
	EndProjectSection
EndProject
Global
	GlobalSection(SolutionConfigurationPlatforms) = preSolution
		Debug|Any CPU = Debug|Any CPU
		Release|Any CPU = Release|Any CPU
	EndGlobalSection
	GlobalSection(ProjectConfigurationPlatforms) = postSolution
		{F8EDD977-3042-4EE4-8FDA-569CB60965A3}.Debug|Any CPU.ActiveCfg = Debug|Any CPU
		{F8EDD977-3042-4EE4-8FDA-569CB60965A3}.Debug|Any CPU.Build.0 = Debug|Any CPU
		{F8EDD977-3042-4EE4-8FDA-569CB60965A3}.Release|Any CPU.ActiveCfg = Release|Any CPU
		{F8EDD977-3042-4EE4-8FDA-569CB60965A3}.Release|Any CPU.Build.0 = Release|Any CPU
		{BA8445D9-4871-4B54-83E6-28A88A75A213}.Debug|Any CPU.ActiveCfg = Debug|Any CPU
		{BA8445D9-4871-4B54-83E6-28A88A75A213}.Debug|Any CPU.Build.0 = Debug|Any CPU
		{BA8445D9-4871-4B54-83E6-28A88A75A213}.Release|Any CPU.ActiveCfg = Release|Any CPU
		{BA8445D9-4871-4B54-83E6-28A88A75A213}.Release|Any CPU.Build.0 = Release|Any CPU
		{F4569DB5-7AFA-4E04-ACE1-6D0CEE83AC4F}.Debug|Any CPU.ActiveCfg = Debug|Any CPU
		{F4569DB5-7AFA-4E04-ACE1-6D0CEE83AC4F}.Debug|Any CPU.Build.0 = Debug|Any CPU
		{F4569DB5-7AFA-4E04-ACE1-6D0CEE83AC4F}.Release|Any CPU.ActiveCfg = Release|Any CPU
		{F4569DB5-7AFA-4E04-ACE1-6D0CEE83AC4F}.Release|Any CPU.Build.0 = Release|Any CPU
		{0F29CC4F-8AB5-432C-8546-BDC95AF2DA6A}.Debug|Any CPU.ActiveCfg = Debug|Any CPU
		{0F29CC4F-8AB5-432C-8546-BDC95AF2DA6A}.Debug|Any CPU.Build.0 = Debug|Any CPU
		{0F29CC4F-8AB5-432C-8546-BDC95AF2DA6A}.Release|Any CPU.ActiveCfg = Release|Any CPU
		{0F29CC4F-8AB5-432C-8546-BDC95AF2DA6A}.Release|Any CPU.Build.0 = Release|Any CPU
		{242C5262-CB1E-478C-8FD4-6E5236D5108D}.Debug|Any CPU.ActiveCfg = Debug|Any CPU
		{242C5262-CB1E-478C-8FD4-6E5236D5108D}.Debug|Any CPU.Build.0 = Debug|Any CPU
		{242C5262-CB1E-478C-8FD4-6E5236D5108D}.Release|Any CPU.ActiveCfg = Release|Any CPU
		{242C5262-CB1E-478C-8FD4-6E5236D5108D}.Release|Any CPU.Build.0 = Release|Any CPU
		{71CC8B67-E3C4-4AEB-BAD8-C540B44727C5}.Debug|Any CPU.ActiveCfg = Debug|Any CPU
		{71CC8B67-E3C4-4AEB-BAD8-C540B44727C5}.Debug|Any CPU.Build.0 = Debug|Any CPU
		{71CC8B67-E3C4-4AEB-BAD8-C540B44727C5}.Release|Any CPU.ActiveCfg = Release|Any CPU
		{71CC8B67-E3C4-4AEB-BAD8-C540B44727C5}.Release|Any CPU.Build.0 = Release|Any CPU
		{365E7966-199E-4913-B4A0-951D0E5FAEC4}.Debug|Any CPU.ActiveCfg = Debug|Any CPU
		{365E7966-199E-4913-B4A0-951D0E5FAEC4}.Debug|Any CPU.Build.0 = Debug|Any CPU
		{365E7966-199E-4913-B4A0-951D0E5FAEC4}.Release|Any CPU.ActiveCfg = Release|Any CPU
		{365E7966-199E-4913-B4A0-951D0E5FAEC4}.Release|Any CPU.Build.0 = Release|Any CPU
		{6F0078E8-389C-4B3C-9566-F9EAA1A5781A}.Debug|Any CPU.ActiveCfg = Debug|Any CPU
		{6F0078E8-389C-4B3C-9566-F9EAA1A5781A}.Debug|Any CPU.Build.0 = Debug|Any CPU
		{6F0078E8-389C-4B3C-9566-F9EAA1A5781A}.Release|Any CPU.ActiveCfg = Release|Any CPU
		{6F0078E8-389C-4B3C-9566-F9EAA1A5781A}.Release|Any CPU.Build.0 = Release|Any CPU
		{08DE2C3A-8C71-475B-8FE5-4B7B7756AC88}.Debug|Any CPU.ActiveCfg = Debug|Any CPU
		{08DE2C3A-8C71-475B-8FE5-4B7B7756AC88}.Debug|Any CPU.Build.0 = Debug|Any CPU
		{08DE2C3A-8C71-475B-8FE5-4B7B7756AC88}.Release|Any CPU.ActiveCfg = Release|Any CPU
		{08DE2C3A-8C71-475B-8FE5-4B7B7756AC88}.Release|Any CPU.Build.0 = Release|Any CPU
		{EBEAB67F-52D7-4976-ACCA-49214D9C2D2F}.Debug|Any CPU.ActiveCfg = Debug|Any CPU
		{EBEAB67F-52D7-4976-ACCA-49214D9C2D2F}.Debug|Any CPU.Build.0 = Debug|Any CPU
		{EBEAB67F-52D7-4976-ACCA-49214D9C2D2F}.Release|Any CPU.ActiveCfg = Debug|Any CPU
		{EBEAB67F-52D7-4976-ACCA-49214D9C2D2F}.Release|Any CPU.Build.0 = Debug|Any CPU
	EndGlobalSection
	GlobalSection(SolutionProperties) = preSolution
		HideSolutionNode = FALSE
	EndGlobalSection
	GlobalSection(ExtensibilityGlobals) = postSolution
		SolutionGuid = {623946F6-36E1-492C-9C2F-D877698CA5E6}
	EndGlobalSection
EndGlobal
